// !$*UTF8*$!
{
	archiveVersion = 1;
	classes = {
	};
	objectVersion = 56;
	objects = {

/* Begin PBXBuildFile section */
		168EC237291205AA00781DDC /* main.m in Sources */ = {isa = PBXBuildFile; fileRef = 168EC236291205AA00781DDC /* main.m */; };
		168EC239291205C600781DDC /* schema.xml in Resources */ = {isa = PBXBuildFile; fileRef = 168EC238291205C600781DDC /* schema.xml */; };
		168EC23C291205CD00781DDC /* schema.strings in Resources */ = {isa = PBXBuildFile; fileRef = 168EC23E291205CD00781DDC /* schema.strings */; };
		168EC2402912060100781DDC /* PluginFactory.swift in Sources */ = {isa = PBXBuildFile; fileRef = 168EC23F2912060100781DDC /* PluginFactory.swift */; };
		168EC2422912060800781DDC /* ImporterPlugin.swift in Sources */ = {isa = PBXBuildFile; fileRef = 168EC2412912060700781DDC /* ImporterPlugin.swift */; };
		168EC2442912060C00781DDC /* UUIDs.swift in Sources */ = {isa = PBXBuildFile; fileRef = 168EC2432912060C00781DDC /* UUIDs.swift */; };
		168EC2462912061100781DDC /* importMCAPAttributes.swift in Sources */ = {isa = PBXBuildFile; fileRef = 168EC2452912061100781DDC /* importMCAPAttributes.swift */; };
		168EC24C291206BC00781DDC /* MCAP in Frameworks */ = {isa = PBXBuildFile; productRef = 168EC24B291206BC00781DDC /* MCAP */; };
/* End PBXBuildFile section */

/* Begin PBXFileReference section */
		168EC22A291202E400781DDC /* MCAPSpotlightImporter.mdimporter */ = {isa = PBXFileReference; explicitFileType = wrapper.cfbundle; includeInIndex = 0; path = MCAPSpotlightImporter.mdimporter; sourceTree = BUILT_PRODUCTS_DIR; };
		168EC2342912054800781DDC /* Info.plist */ = {isa = PBXFileReference; fileEncoding = 4; lastKnownFileType = text.plist.xml; path = Info.plist; sourceTree = "<group>"; };
		168EC236291205AA00781DDC /* main.m */ = {isa = PBXFileReference; fileEncoding = 4; lastKnownFileType = sourcecode.c.objc; path = main.m; sourceTree = "<group>"; };
		168EC238291205C600781DDC /* schema.xml */ = {isa = PBXFileReference; fileEncoding = 4; lastKnownFileType = text.xml; path = schema.xml; sourceTree = "<group>"; };
		168EC23D291205CD00781DDC /* en */ = {isa = PBXFileReference; lastKnownFileType = text.plist.strings; name = en; path = en.lproj/schema.strings; sourceTree = "<group>"; };
		168EC23F2912060100781DDC /* PluginFactory.swift */ = {isa = PBXFileReference; fileEncoding = 4; lastKnownFileType = sourcecode.swift; path = PluginFactory.swift; sourceTree = "<group>"; };
		168EC2412912060700781DDC /* ImporterPlugin.swift */ = {isa = PBXFileReference; fileEncoding = 4; lastKnownFileType = sourcecode.swift; path = ImporterPlugin.swift; sourceTree = "<group>"; };
		168EC2432912060C00781DDC /* UUIDs.swift */ = {isa = PBXFileReference; fileEncoding = 4; lastKnownFileType = sourcecode.swift; path = UUIDs.swift; sourceTree = "<group>"; };
		168EC2452912061100781DDC /* importMCAPAttributes.swift */ = {isa = PBXFileReference; fileEncoding = 4; lastKnownFileType = sourcecode.swift; path = importMCAPAttributes.swift; sourceTree = "<group>"; };
		168EC24F2912F29900781DDC /* Config.xcconfig */ = {isa = PBXFileReference; lastKnownFileType = text.xcconfig; path = Config.xcconfig; sourceTree = "<group>"; };
/* End PBXFileReference section */

/* Begin PBXFrameworksBuildPhase section */
		168EC227291202E400781DDC /* Frameworks */ = {
			isa = PBXFrameworksBuildPhase;
			buildActionMask = 2147483647;
			files = (
				168EC24C291206BC00781DDC /* MCAP in Frameworks */,
			);
			runOnlyForDeploymentPostprocessing = 0;
		};
/* End PBXFrameworksBuildPhase section */

/* Begin PBXGroup section */
		168EC221291202E400781DDC = {
			isa = PBXGroup;
			children = (
				168EC231291203BD00781DDC /* MCAPSpotlightImporter */,
				168EC22B291202E400781DDC /* Products */,
				168EC24A291206BC00781DDC /* Frameworks */,
			);
			sourceTree = "<group>";
		};
		168EC22B291202E400781DDC /* Products */ = {
			isa = PBXGroup;
			children = (
				168EC22A291202E400781DDC /* MCAPSpotlightImporter.mdimporter */,
			);
			name = Products;
			sourceTree = "<group>";
		};
		168EC231291203BD00781DDC /* MCAPSpotlightImporter */ = {
			isa = PBXGroup;
			children = (
				168EC2342912054800781DDC /* Info.plist */,
				168EC236291205AA00781DDC /* main.m */,
				168EC238291205C600781DDC /* schema.xml */,
				168EC23E291205CD00781DDC /* schema.strings */,
				168EC23F2912060100781DDC /* PluginFactory.swift */,
				168EC2412912060700781DDC /* ImporterPlugin.swift */,
				168EC2452912061100781DDC /* importMCAPAttributes.swift */,
				168EC2432912060C00781DDC /* UUIDs.swift */,
				168EC24F2912F29900781DDC /* Config.xcconfig */,
			);
			path = MCAPSpotlightImporter;
			sourceTree = "<group>";
		};
		168EC24A291206BC00781DDC /* Frameworks */ = {
			isa = PBXGroup;
			children = (
			);
			name = Frameworks;
			sourceTree = "<group>";
		};
/* End PBXGroup section */

/* Begin PBXNativeTarget section */
		168EC229291202E400781DDC /* MCAPSpotlightImporter */ = {
			isa = PBXNativeTarget;
			buildConfigurationList = 168EC22E291202E400781DDC /* Build configuration list for PBXNativeTarget "MCAPSpotlightImporter" */;
			buildPhases = (
				168EC226291202E400781DDC /* Sources */,
				168EC227291202E400781DDC /* Frameworks */,
				168EC228291202E400781DDC /* Resources */,
			);
			buildRules = (
			);
			dependencies = (
				168EC249291206B600781DDC /* PBXTargetDependency */,
			);
			name = MCAPSpotlightImporter;
			packageProductDependencies = (
				168EC24B291206BC00781DDC /* MCAP */,
			);
			productName = MCAPSpotlightImporter;
			productReference = 168EC22A291202E400781DDC /* MCAPSpotlightImporter.mdimporter */;
			productType = "com.apple.product-type.bundle";
		};
/* End PBXNativeTarget section */

/* Begin PBXProject section */
		168EC222291202E400781DDC /* Project object */ = {
			isa = PBXProject;
			attributes = {
				BuildIndependentTargetsInParallel = 1;
				LastUpgradeCheck = 1400;
				ORGANIZATIONNAME = "Foxglove Technologies Inc.";
				TargetAttributes = {
					168EC229291202E400781DDC = {
						CreatedOnToolsVersion = 14.0.1;
						LastSwiftMigration = 1400;
					};
				};
			};
			buildConfigurationList = 168EC225291202E400781DDC /* Build configuration list for PBXProject "MCAPSpotlightImporter" */;
			compatibilityVersion = "Xcode 14.0";
			developmentRegion = en;
			hasScannedForEncodings = 0;
			knownRegions = (
				en,
				Base,
			);
			mainGroup = 168EC221291202E400781DDC;
			packageReferences = (
				168EC2472912063800781DDC /* XCRemoteSwiftPackageReference "mcap" */,
			);
			productRefGroup = 168EC22B291202E400781DDC /* Products */;
			projectDirPath = "";
			projectRoot = "";
			targets = (
				168EC229291202E400781DDC /* MCAPSpotlightImporter */,
			);
		};
/* End PBXProject section */

/* Begin PBXResourcesBuildPhase section */
		168EC228291202E400781DDC /* Resources */ = {
			isa = PBXResourcesBuildPhase;
			buildActionMask = 2147483647;
			files = (
				168EC239291205C600781DDC /* schema.xml in Resources */,
				168EC23C291205CD00781DDC /* schema.strings in Resources */,
			);
			runOnlyForDeploymentPostprocessing = 0;
		};
/* End PBXResourcesBuildPhase section */

/* Begin PBXSourcesBuildPhase section */
		168EC226291202E400781DDC /* Sources */ = {
			isa = PBXSourcesBuildPhase;
			buildActionMask = 2147483647;
			files = (
				168EC2442912060C00781DDC /* UUIDs.swift in Sources */,
				168EC2422912060800781DDC /* ImporterPlugin.swift in Sources */,
				168EC237291205AA00781DDC /* main.m in Sources */,
				168EC2462912061100781DDC /* importMCAPAttributes.swift in Sources */,
				168EC2402912060100781DDC /* PluginFactory.swift in Sources */,
			);
			runOnlyForDeploymentPostprocessing = 0;
		};
/* End PBXSourcesBuildPhase section */

/* Begin PBXTargetDependency section */
		168EC249291206B600781DDC /* PBXTargetDependency */ = {
			isa = PBXTargetDependency;
			productRef = 168EC248291206B600781DDC /* MCAP */;
		};
/* End PBXTargetDependency section */

/* Begin PBXVariantGroup section */
		168EC23E291205CD00781DDC /* schema.strings */ = {
			isa = PBXVariantGroup;
			children = (
				168EC23D291205CD00781DDC /* en */,
			);
			name = schema.strings;
			sourceTree = "<group>";
		};
/* End PBXVariantGroup section */

/* Begin XCBuildConfiguration section */
		168EC22C291202E400781DDC /* Debug */ = {
			isa = XCBuildConfiguration;
			baseConfigurationReference = 168EC24F2912F29900781DDC /* Config.xcconfig */;
			buildSettings = {
				ALWAYS_SEARCH_USER_PATHS = NO;
				CLANG_ANALYZER_NONNULL = YES;
				CLANG_ANALYZER_NUMBER_OBJECT_CONVERSION = YES_AGGRESSIVE;
				CLANG_CXX_LANGUAGE_STANDARD = "gnu++20";
				CLANG_ENABLE_MODULES = YES;
				CLANG_ENABLE_OBJC_ARC = YES;
				CLANG_ENABLE_OBJC_WEAK = YES;
				CLANG_WARN_BLOCK_CAPTURE_AUTORELEASING = YES;
				CLANG_WARN_BOOL_CONVERSION = YES;
				CLANG_WARN_COMMA = YES;
				CLANG_WARN_CONSTANT_CONVERSION = YES;
				CLANG_WARN_DEPRECATED_OBJC_IMPLEMENTATIONS = YES;
				CLANG_WARN_DIRECT_OBJC_ISA_USAGE = YES_ERROR;
				CLANG_WARN_DOCUMENTATION_COMMENTS = YES;
				CLANG_WARN_EMPTY_BODY = YES;
				CLANG_WARN_ENUM_CONVERSION = YES;
				CLANG_WARN_INFINITE_RECURSION = YES;
				CLANG_WARN_INT_CONVERSION = YES;
				CLANG_WARN_NON_LITERAL_NULL_CONVERSION = YES;
				CLANG_WARN_OBJC_IMPLICIT_RETAIN_SELF = YES;
				CLANG_WARN_OBJC_LITERAL_CONVERSION = YES;
				CLANG_WARN_OBJC_ROOT_CLASS = YES_ERROR;
				CLANG_WARN_QUOTED_INCLUDE_IN_FRAMEWORK_HEADER = YES;
				CLANG_WARN_RANGE_LOOP_ANALYSIS = YES;
				CLANG_WARN_STRICT_PROTOTYPES = YES;
				CLANG_WARN_SUSPICIOUS_MOVE = YES;
				CLANG_WARN_UNGUARDED_AVAILABILITY = YES_AGGRESSIVE;
				CLANG_WARN_UNREACHABLE_CODE = YES;
				CLANG_WARN__DUPLICATE_METHOD_MATCH = YES;
				COPY_PHASE_STRIP = NO;
				DEBUG_INFORMATION_FORMAT = dwarf;
				ENABLE_STRICT_OBJC_MSGSEND = YES;
				ENABLE_TESTABILITY = YES;
				GCC_C_LANGUAGE_STANDARD = gnu11;
				GCC_DYNAMIC_NO_PIC = NO;
				GCC_NO_COMMON_BLOCKS = YES;
				GCC_OPTIMIZATION_LEVEL = 0;
				GCC_PREPROCESSOR_DEFINITIONS = (
					"DEBUG=1",
					"$(inherited)",
				);
				GCC_WARN_64_TO_32_BIT_CONVERSION = YES;
				GCC_WARN_ABOUT_RETURN_TYPE = YES_ERROR;
				GCC_WARN_UNDECLARED_SELECTOR = YES;
				GCC_WARN_UNINITIALIZED_AUTOS = YES_AGGRESSIVE;
				GCC_WARN_UNUSED_FUNCTION = YES;
				GCC_WARN_UNUSED_VARIABLE = YES;
				MACOSX_DEPLOYMENT_TARGET = 12.3;
				MTL_ENABLE_DEBUG_INFO = INCLUDE_SOURCE;
				MTL_FAST_MATH = YES;
				ONLY_ACTIVE_ARCH = YES;
				SDKROOT = macosx;
			};
			name = Debug;
		};
		168EC22D291202E400781DDC /* Release */ = {
			isa = XCBuildConfiguration;
			baseConfigurationReference = 168EC24F2912F29900781DDC /* Config.xcconfig */;
			buildSettings = {
				ALWAYS_SEARCH_USER_PATHS = NO;
				CLANG_ANALYZER_NONNULL = YES;
				CLANG_ANALYZER_NUMBER_OBJECT_CONVERSION = YES_AGGRESSIVE;
				CLANG_CXX_LANGUAGE_STANDARD = "gnu++20";
				CLANG_ENABLE_MODULES = YES;
				CLANG_ENABLE_OBJC_ARC = YES;
				CLANG_ENABLE_OBJC_WEAK = YES;
				CLANG_WARN_BLOCK_CAPTURE_AUTORELEASING = YES;
				CLANG_WARN_BOOL_CONVERSION = YES;
				CLANG_WARN_COMMA = YES;
				CLANG_WARN_CONSTANT_CONVERSION = YES;
				CLANG_WARN_DEPRECATED_OBJC_IMPLEMENTATIONS = YES;
				CLANG_WARN_DIRECT_OBJC_ISA_USAGE = YES_ERROR;
				CLANG_WARN_DOCUMENTATION_COMMENTS = YES;
				CLANG_WARN_EMPTY_BODY = YES;
				CLANG_WARN_ENUM_CONVERSION = YES;
				CLANG_WARN_INFINITE_RECURSION = YES;
				CLANG_WARN_INT_CONVERSION = YES;
				CLANG_WARN_NON_LITERAL_NULL_CONVERSION = YES;
				CLANG_WARN_OBJC_IMPLICIT_RETAIN_SELF = YES;
				CLANG_WARN_OBJC_LITERAL_CONVERSION = YES;
				CLANG_WARN_OBJC_ROOT_CLASS = YES_ERROR;
				CLANG_WARN_QUOTED_INCLUDE_IN_FRAMEWORK_HEADER = YES;
				CLANG_WARN_RANGE_LOOP_ANALYSIS = YES;
				CLANG_WARN_STRICT_PROTOTYPES = YES;
				CLANG_WARN_SUSPICIOUS_MOVE = YES;
				CLANG_WARN_UNGUARDED_AVAILABILITY = YES_AGGRESSIVE;
				CLANG_WARN_UNREACHABLE_CODE = YES;
				CLANG_WARN__DUPLICATE_METHOD_MATCH = YES;
				COPY_PHASE_STRIP = NO;
				DEBUG_INFORMATION_FORMAT = "dwarf-with-dsym";
				ENABLE_NS_ASSERTIONS = NO;
				ENABLE_STRICT_OBJC_MSGSEND = YES;
				GCC_C_LANGUAGE_STANDARD = gnu11;
				GCC_NO_COMMON_BLOCKS = YES;
				GCC_WARN_64_TO_32_BIT_CONVERSION = YES;
				GCC_WARN_ABOUT_RETURN_TYPE = YES_ERROR;
				GCC_WARN_UNDECLARED_SELECTOR = YES;
				GCC_WARN_UNINITIALIZED_AUTOS = YES_AGGRESSIVE;
				GCC_WARN_UNUSED_FUNCTION = YES;
				GCC_WARN_UNUSED_VARIABLE = YES;
				MACOSX_DEPLOYMENT_TARGET = 12.3;
				MTL_ENABLE_DEBUG_INFO = NO;
				MTL_FAST_MATH = YES;
				SDKROOT = macosx;
			};
			name = Release;
		};
		168EC22F291202E400781DDC /* Debug */ = {
			isa = XCBuildConfiguration;
			baseConfigurationReference = 168EC24F2912F29900781DDC /* Config.xcconfig */;
			buildSettings = {
				CLANG_ENABLE_MODULES = YES;
				CODE_SIGN_STYLE = Manual;
				COMBINE_HIDPI_IMAGES = YES;
				DEVELOPMENT_TEAM = "";
				"DEVELOPMENT_TEAM[sdk=macosx*]" = "";
				GENERATE_INFOPLIST_FILE = YES;
				INFOPLIST_FILE = MCAPSpotlightImporter/Info.plist;
				INFOPLIST_KEY_CFBundleDisplayName = "";
				INFOPLIST_KEY_LSApplicationCategoryType = "";
				INFOPLIST_KEY_NSHumanReadableCopyright = "";
				INFOPLIST_KEY_NSPrincipalClass = "";
				INSTALL_PATH = "$(LOCAL_LIBRARY_DIR)/Bundles";
				LD_RUNPATH_SEARCH_PATHS = (
					"$(inherited)",
					"@executable_path/../Frameworks",
					"@loader_path/../Frameworks",
				);
				MACOSX_DEPLOYMENT_TARGET = 11.0;
				PRODUCT_BUNDLE_IDENTIFIER = "dev.foxglove.studio.mcap-mdimporter";
				PRODUCT_NAME = "$(TARGET_NAME)";
				PROVISIONING_PROFILE_SPECIFIER = "";
				SKIP_INSTALL = YES;
				SWIFT_EMIT_LOC_STRINGS = YES;
				SWIFT_OPTIMIZATION_LEVEL = "-Onone";
				SWIFT_VERSION = 5.0;
				WRAPPER_EXTENSION = mdimporter;
			};
			name = Debug;
		};
		168EC230291202E400781DDC /* Release */ = {
			isa = XCBuildConfiguration;
			baseConfigurationReference = 168EC24F2912F29900781DDC /* Config.xcconfig */;
			buildSettings = {
				CLANG_ENABLE_MODULES = YES;
				CODE_SIGN_STYLE = Manual;
				COMBINE_HIDPI_IMAGES = YES;
				DEVELOPMENT_TEAM = "";
				"DEVELOPMENT_TEAM[sdk=macosx*]" = "";
				GENERATE_INFOPLIST_FILE = YES;
				INFOPLIST_FILE = MCAPSpotlightImporter/Info.plist;
				INFOPLIST_KEY_CFBundleDisplayName = "";
				INFOPLIST_KEY_LSApplicationCategoryType = "";
				INFOPLIST_KEY_NSHumanReadableCopyright = "";
				INFOPLIST_KEY_NSPrincipalClass = "";
				INSTALL_PATH = "$(LOCAL_LIBRARY_DIR)/Bundles";
				LD_RUNPATH_SEARCH_PATHS = (
					"$(inherited)",
					"@executable_path/../Frameworks",
					"@loader_path/../Frameworks",
				);
				MACOSX_DEPLOYMENT_TARGET = 11.0;
				PRODUCT_BUNDLE_IDENTIFIER = "dev.foxglove.studio.mcap-mdimporter";
				PRODUCT_NAME = "$(TARGET_NAME)";
				PROVISIONING_PROFILE_SPECIFIER = "";
				SKIP_INSTALL = YES;
				SWIFT_EMIT_LOC_STRINGS = YES;
				SWIFT_VERSION = 5.0;
				WRAPPER_EXTENSION = mdimporter;
			};
			name = Release;
		};
/* End XCBuildConfiguration section */

/* Begin XCConfigurationList section */
		168EC225291202E400781DDC /* Build configuration list for PBXProject "MCAPSpotlightImporter" */ = {
			isa = XCConfigurationList;
			buildConfigurations = (
				168EC22C291202E400781DDC /* Debug */,
				168EC22D291202E400781DDC /* Release */,
			);
			defaultConfigurationIsVisible = 0;
			defaultConfigurationName = Release;
		};
		168EC22E291202E400781DDC /* Build configuration list for PBXNativeTarget "MCAPSpotlightImporter" */ = {
			isa = XCConfigurationList;
			buildConfigurations = (
				168EC22F291202E400781DDC /* Debug */,
				168EC230291202E400781DDC /* Release */,
			);
			defaultConfigurationIsVisible = 0;
			defaultConfigurationName = Release;
		};
/* End XCConfigurationList section */

/* Begin XCRemoteSwiftPackageReference section */
		168EC2472912063800781DDC /* XCRemoteSwiftPackageReference "mcap" */ = {
			isa = XCRemoteSwiftPackageReference;
			repositoryURL = "https://github.com/foxglove/mcap";
			requirement = {
				kind = revision;
				revision = 6ce7cc3221f26fca14c86239fd484a32be87894b;
			};
		};
/* End XCRemoteSwiftPackageReference section */

/* Begin XCSwiftPackageProductDependency section */
		168EC248291206B600781DDC /* MCAP */ = {
			isa = XCSwiftPackageProductDependency;
			package = 168EC2472912063800781DDC /* XCRemoteSwiftPackageReference "mcap" */;
			productName = MCAP;
		};
		168EC24B291206BC00781DDC /* MCAP */ = {
			isa = XCSwiftPackageProductDependency;
			package = 168EC2472912063800781DDC /* XCRemoteSwiftPackageReference "mcap" */;
			productName = MCAP;
		};
/* End XCSwiftPackageProductDependency section */
	};
	rootObject = 168EC222291202E400781DDC /* Project object */;
}
